
Microsoft Visual Studio Solution File, Format Version 12.00
# Visual Studio Version 17
VisualStudioVersion = 17.14.36408.4 d17.14
MinimumVisualStudioVersion = 10.0.40219.1
Project("{FAE04EC0-301F-11D3-BF4B-00C04F79EFBC}") = "motorcyle parts", "motorcyle parts\motorcyle parts.csproj", "{3106A953-4B1D-4305-AC3B-560C984C69EC}"
EndProject
Global
	GlobalSection(SolutionConfigurationPlatforms) = preSolution
		Debug|Any CPU = Debug|Any CPU
		Release|Any CPU = Release|Any CPU
	EndGlobalSection
	GlobalSection(ProjectConfigurationPlatforms) = postSolution
		{3106A953-4B1D-4305-AC3B-560C984C69EC}.Debug|Any CPU.ActiveCfg = Debug|Any CPU
		{3106A953-4B1D-4305-AC3B-560C984C69EC}.Debug|Any CPU.Build.0 = Debug|Any CPU
		{3106A953-4B1D-4305-AC3B-560C984C69EC}.Release|Any CPU.ActiveCfg = Release|Any CPU
		{3106A953-4B1D-4305-AC3B-560C984C69EC}.Release|Any CPU.Build.0 = Release|Any CPU
	EndGlobalSection
	GlobalSection(SolutionProperties) = preSolution
		HideSolutionNode = FALSE
	EndGlobalSection
	GlobalSection(ExtensibilityGlobals) = postSolution
		SolutionGuid = {C2C98CED-5B45-445C-98A6-7BB6A4524284}
	EndGlobalSection
EndGlobal
